// !$*UTF8*$!
{
	archiveVersion = 1;
	classes = {
	};
	objectVersion = 48;
	objects = {

/* Begin PBXBuildFile section */
		219764FC1F11229C00D45795 /* main.cpp in Sources */ = {isa = PBXBuildFile; fileRef = 219764EE1F111AF100D45795 /* main.cpp */; };
		219765071F18E6FE00D45795 /* epi_chapter5.h in Sources */ = {isa = PBXBuildFile; fileRef = 219765061F18E6FE00D45795 /* epi_chapter5.h */; };
/* End PBXBuildFile section */

/* Begin PBXCopyFilesBuildPhase section */
		219764E91F111AF100D45795 /* CopyFiles */ = {
			isa = PBXCopyFilesBuildPhase;
			buildActionMask = 2147483647;
			dstPath = /usr/share/man/man1/;
			dstSubfolderSpec = 0;
			files = (
			);
			runOnlyForDeploymentPostprocessing = 1;
		};
/* End PBXCopyFilesBuildPhase section */

/* Begin PBXFileReference section */
		2123D6241F3859990081C4E2 /* priority_queue.h */ = {isa = PBXFileReference; lastKnownFileType = sourcecode.c.h; path = priority_queue.h; sourceTree = "<group>"; };
		2123D6251F3864C60081C4E2 /* disjoint_set.h */ = {isa = PBXFileReference; lastKnownFileType = sourcecode.c.h; path = disjoint_set.h; sourceTree = "<group>"; };
		215AB1051F2E2D1A007DA598 /* chapter9.h */ = {isa = PBXFileReference; lastKnownFileType = sourcecode.c.h; path = chapter9.h; sourceTree = "<group>"; };
		215AB1061F306DD5007DA598 /* chapter8.h */ = {isa = PBXFileReference; lastKnownFileType = sourcecode.c.h; path = chapter8.h; sourceTree = "<group>"; };
		217BFEAA1F348A8600D72B01 /* chapter5.h */ = {isa = PBXFileReference; lastKnownFileType = sourcecode.c.h; path = chapter5.h; sourceTree = "<group>"; };
		219764EB1F111AF100D45795 /* Review */ = {isa = PBXFileReference; explicitFileType = "compiled.mach-o.executable"; includeInIndex = 0; path = Review; sourceTree = BUILT_PRODUCTS_DIR; };
		219764EE1F111AF100D45795 /* main.cpp */ = {isa = PBXFileReference; lastKnownFileType = sourcecode.cpp.cpp; path = main.cpp; sourceTree = "<group>"; };
		219764F51F111B2000D45795 /* single_node.h */ = {isa = PBXFileReference; lastKnownFileType = sourcecode.c.h; path = single_node.h; sourceTree = "<group>"; };
		219764F61F111B4600D45795 /* double_node.h */ = {isa = PBXFileReference; lastKnownFileType = sourcecode.c.h; path = double_node.h; sourceTree = "<group>"; };
		219764F81F111B5900D45795 /* singly_linked_list.h */ = {isa = PBXFileReference; fileEncoding = 4; lastKnownFileType = sourcecode.c.h; path = singly_linked_list.h; sourceTree = "<group>"; };
		219764FA1F111B8B00D45795 /* utils.h */ = {isa = PBXFileReference; fileEncoding = 4; lastKnownFileType = sourcecode.c.h; path = utils.h; sourceTree = "<group>"; };
		219765031F11379A00D45795 /* stack_array.h */ = {isa = PBXFileReference; lastKnownFileType = sourcecode.c.h; path = stack_array.h; sourceTree = "<group>"; };
		219765041F1137A400D45795 /* queue_array.h */ = {isa = PBXFileReference; lastKnownFileType = sourcecode.c.h; path = queue_array.h; sourceTree = "<group>"; };
		219765061F18E6FE00D45795 /* epi_chapter5.h */ = {isa = PBXFileReference; fileEncoding = 4; lastKnownFileType = sourcecode.c.h; path = epi_chapter5.h; sourceTree = "<group>"; };
		21B0959D1F4336060020413A /* chapter4.h */ = {isa = PBXFileReference; lastKnownFileType = sourcecode.c.h; path = chapter4.h; sourceTree = "<group>"; };
		21B8DF481F210DF700D37E7B /* sort.h */ = {isa = PBXFileReference; fileEncoding = 4; lastKnownFileType = sourcecode.c.h; path = sort.h; sourceTree = "<group>"; };
		21B8DF491F24943400D37E7B /* search.h */ = {isa = PBXFileReference; fileEncoding = 4; lastKnownFileType = sourcecode.c.h; path = search.h; sourceTree = "<group>"; };
		21B8DF4A1F24A2B800D37E7B /* max_heap.h */ = {isa = PBXFileReference; fileEncoding = 4; lastKnownFileType = sourcecode.c.h; path = max_heap.h; sourceTree = "<group>"; };
		21B8DF4B1F2607CE00D37E7B /* stack_linked.h */ = {isa = PBXFileReference; fileEncoding = 4; lastKnownFileType = sourcecode.c.h; path = stack_linked.h; sourceTree = "<group>"; };
		21B8DF4C1F260CEE00D37E7B /* queue_linked.h */ = {isa = PBXFileReference; lastKnownFileType = sourcecode.c.h; path = queue_linked.h; sourceTree = "<group>"; };
		21B8DF4D1F26106800D37E7B /* chapter3.h */ = {isa = PBXFileReference; lastKnownFileType = sourcecode.c.h; path = chapter3.h; sourceTree = "<group>"; };
		21B8DF4E1F266F1300D37E7B /* recursion.h */ = {isa = PBXFileReference; lastKnownFileType = sourcecode.c.h; path = recursion.h; sourceTree = "<group>"; };
		21B8DF4F1F275A0200D37E7B /* chapter1.h */ = {isa = PBXFileReference; lastKnownFileType = sourcecode.c.h; path = chapter1.h; sourceTree = "<group>"; };
		21B8DF501F29D1F100D37E7B /* n_tree.h */ = {isa = PBXFileReference; lastKnownFileType = sourcecode.c.h; path = n_tree.h; sourceTree = "<group>"; };
		21B8DF511F29D42D00D37E7B /* ntree_node.h */ = {isa = PBXFileReference; lastKnownFileType = sourcecode.c.h; path = ntree_node.h; sourceTree = "<group>"; };
		21B8DF521F29ECCD00D37E7B /* binary_node.h */ = {isa = PBXFileReference; lastKnownFileType = sourcecode.c.h; path = binary_node.h; sourceTree = "<group>"; };
		21B8DF531F29ECDD00D37E7B /* binary_tree.h */ = {isa = PBXFileReference; lastKnownFileType = sourcecode.c.h; path = binary_tree.h; sourceTree = "<group>"; };
		21B8DF541F29ECEA00D37E7B /* bst.h */ = {isa = PBXFileReference; lastKnownFileType = sourcecode.c.h; path = bst.h; sourceTree = "<group>"; };
		21BAA8481F20AE60001CD225 /* chapter2.h */ = {isa = PBXFileReference; fileEncoding = 4; lastKnownFileType = sourcecode.c.h; path = chapter2.h; sourceTree = "<group>"; };
		21E8DE9E1F32038900E06F5C /* graph.h */ = {isa = PBXFileReference; lastKnownFileType = sourcecode.c.h; path = graph.h; sourceTree = "<group>"; };
/* End PBXFileReference section */

/* Begin PBXFrameworksBuildPhase section */
		219764E81F111AF100D45795 /* Frameworks */ = {
			isa = PBXFrameworksBuildPhase;
			buildActionMask = 2147483647;
			files = (
			);
			runOnlyForDeploymentPostprocessing = 0;
		};
/* End PBXFrameworksBuildPhase section */

/* Begin PBXGroup section */
		219764E21F111AF100D45795 = {
			isa = PBXGroup;
			children = (
				219764ED1F111AF100D45795 /* Review */,
				219764EC1F111AF100D45795 /* Products */,
			);
			sourceTree = "<group>";
		};
		219764EC1F111AF100D45795 /* Products */ = {
			isa = PBXGroup;
			children = (
				219764EB1F111AF100D45795 /* Review */,
			);
			name = Products;
			sourceTree = "<group>";
		};
		219764ED1F111AF100D45795 /* Review */ = {
			isa = PBXGroup;
			children = (
				219764EE1F111AF100D45795 /* main.cpp */,
				219764FA1F111B8B00D45795 /* utils.h */,
				21B8DF471F210DE900D37E7B /* Algorithms */,
				21BAA8471F20AE4B001CD225 /* CTCI */,
				219765051F18E6EE00D45795 /* EPI */,
				219765021F11378300D45795 /* Data Structures */,
			);
			path = Review;
			sourceTree = "<group>";
		};
		219765021F11378300D45795 /* Data Structures */ = {
			isa = PBXGroup;
			children = (
				219764F51F111B2000D45795 /* single_node.h */,
				219764F61F111B4600D45795 /* double_node.h */,
				219764F81F111B5900D45795 /* singly_linked_list.h */,
				219765031F11379A00D45795 /* stack_array.h */,
				21B8DF4B1F2607CE00D37E7B /* stack_linked.h */,
				219765041F1137A400D45795 /* queue_array.h */,
				21B8DF4C1F260CEE00D37E7B /* queue_linked.h */,
				21B8DF4A1F24A2B800D37E7B /* max_heap.h */,
				21B8DF511F29D42D00D37E7B /* ntree_node.h */,
				21B8DF501F29D1F100D37E7B /* n_tree.h */,
				21B8DF521F29ECCD00D37E7B /* binary_node.h */,
				21B8DF531F29ECDD00D37E7B /* binary_tree.h */,
				21B8DF541F29ECEA00D37E7B /* bst.h */,
				21E8DE9E1F32038900E06F5C /* graph.h */,
				2123D6241F3859990081C4E2 /* priority_queue.h */,
				2123D6251F3864C60081C4E2 /* disjoint_set.h */,
			);
			name = "Data Structures";
			sourceTree = "<group>";
		};
		219765051F18E6EE00D45795 /* EPI */ = {
			isa = PBXGroup;
			children = (
				219765061F18E6FE00D45795 /* epi_chapter5.h */,
			);
			name = EPI;
			sourceTree = "<group>";
		};
		21B8DF471F210DE900D37E7B /* Algorithms */ = {
			isa = PBXGroup;
			children = (
				21B8DF481F210DF700D37E7B /* sort.h */,
				21B8DF491F24943400D37E7B /* search.h */,
				21B8DF4E1F266F1300D37E7B /* recursion.h */,
			);
			name = Algorithms;
			sourceTree = "<group>";
		};
		21BAA8471F20AE4B001CD225 /* CTCI */ = {
			isa = PBXGroup;
			children = (
				21B8DF4F1F275A0200D37E7B /* chapter1.h */,
				21BAA8481F20AE60001CD225 /* chapter2.h */,
				21B8DF4D1F26106800D37E7B /* chapter3.h */,
				21B0959D1F4336060020413A /* chapter4.h */,
				217BFEAA1F348A8600D72B01 /* chapter5.h */,
				215AB1061F306DD5007DA598 /* chapter8.h */,
				215AB1051F2E2D1A007DA598 /* chapter9.h */,
			);
			name = CTCI;
			sourceTree = "<group>";
		};
/* End PBXGroup section */

/* Begin PBXNativeTarget section */
		219764EA1F111AF100D45795 /* Review */ = {
			isa = PBXNativeTarget;
			buildConfigurationList = 219764F21F111AF100D45795 /* Build configuration list for PBXNativeTarget "Review" */;
			buildPhases = (
				219764E71F111AF100D45795 /* Sources */,
				219764E81F111AF100D45795 /* Frameworks */,
				219764E91F111AF100D45795 /* CopyFiles */,
			);
			buildRules = (
			);
			dependencies = (
			);
			name = Review;
			productName = Review;
			productReference = 219764EB1F111AF100D45795 /* Review */;
			productType = "com.apple.product-type.tool";
		};
/* End PBXNativeTarget section */

/* Begin PBXProject section */
		219764E31F111AF100D45795 /* Project object */ = {
			isa = PBXProject;
			attributes = {
				LastUpgradeCheck = 0830;
				ORGANIZATIONNAME = "Zeynep Akkalyoncu";
				TargetAttributes = {
					219764EA1F111AF100D45795 = {
						CreatedOnToolsVersion = 8.3.3;
						ProvisioningStyle = Automatic;
					};
				};
			};
			buildConfigurationList = 219764E61F111AF100D45795 /* Build configuration list for PBXProject "Review" */;
			compatibilityVersion = "Xcode 8.0";
			developmentRegion = English;
			hasScannedForEncodings = 0;
			knownRegions = (
				en,
			);
			mainGroup = 219764E21F111AF100D45795;
			productRefGroup = 219764EC1F111AF100D45795 /* Products */;
			projectDirPath = "";
			projectRoot = "";
			targets = (
				219764EA1F111AF100D45795 /* Review */,
			);
		};
/* End PBXProject section */

/* Begin PBXSourcesBuildPhase section */
		219764E71F111AF100D45795 /* Sources */ = {
			isa = PBXSourcesBuildPhase;
			buildActionMask = 2147483647;
			files = (
				219764FC1F11229C00D45795 /* main.cpp in Sources */,
				219765071F18E6FE00D45795 /* epi_chapter5.h in Sources */,
			);
			runOnlyForDeploymentPostprocessing = 0;
		};
/* End PBXSourcesBuildPhase section */

/* Begin XCBuildConfiguration section */
		219764F01F111AF100D45795 /* Debug */ = {
			isa = XCBuildConfiguration;
			buildSettings = {
				ALWAYS_SEARCH_USER_PATHS = NO;
				CLANG_ANALYZER_NONNULL = YES;
				CLANG_ANALYZER_NUMBER_OBJECT_CONVERSION = YES_AGGRESSIVE;
				CLANG_CXX_LANGUAGE_STANDARD = "gnu++0x";
				CLANG_CXX_LIBRARY = "libc++";
				CLANG_ENABLE_MODULES = YES;
				CLANG_ENABLE_OBJC_ARC = YES;
				CLANG_WARN_BOOL_CONVERSION = YES;
				CLANG_WARN_CONSTANT_CONVERSION = YES;
				CLANG_WARN_DIRECT_OBJC_ISA_USAGE = YES_ERROR;
				CLANG_WARN_DOCUMENTATION_COMMENTS = YES;
				CLANG_WARN_EMPTY_BODY = YES;
				CLANG_WARN_ENUM_CONVERSION = YES;
				CLANG_WARN_INFINITE_RECURSION = YES;
				CLANG_WARN_INT_CONVERSION = YES;
				CLANG_WARN_OBJC_ROOT_CLASS = YES_ERROR;
				CLANG_WARN_SUSPICIOUS_MOVE = YES;
				CLANG_WARN_UNREACHABLE_CODE = YES;
				CLANG_WARN__DUPLICATE_METHOD_MATCH = YES;
				CODE_SIGN_IDENTITY = "-";
				COPY_PHASE_STRIP = NO;
				DEBUG_INFORMATION_FORMAT = dwarf;
				ENABLE_STRICT_OBJC_MSGSEND = YES;
				ENABLE_TESTABILITY = YES;
				GCC_C_LANGUAGE_STANDARD = gnu99;
				GCC_DYNAMIC_NO_PIC = NO;
				GCC_NO_COMMON_BLOCKS = YES;
				GCC_OPTIMIZATION_LEVEL = 0;
				GCC_PREPROCESSOR_DEFINITIONS = (
					"DEBUG=1",
					"$(inherited)",
				);
				GCC_WARN_64_TO_32_BIT_CONVERSION = YES;
				GCC_WARN_ABOUT_RETURN_TYPE = YES_ERROR;
				GCC_WARN_UNDECLARED_SELECTOR = YES;
				GCC_WARN_UNINITIALIZED_AUTOS = YES_AGGRESSIVE;
				GCC_WARN_UNUSED_FUNCTION = YES;
				GCC_WARN_UNUSED_VARIABLE = YES;
				MACOSX_DEPLOYMENT_TARGET = 10.12;
				MTL_ENABLE_DEBUG_INFO = YES;
				ONLY_ACTIVE_ARCH = YES;
				SDKROOT = macosx;
			};
			name = Debug;
		};
		219764F11F111AF100D45795 /* Release */ = {
			isa = XCBuildConfiguration;
			buildSettings = {
				ALWAYS_SEARCH_USER_PATHS = NO;
				CLANG_ANALYZER_NONNULL = YES;
				CLANG_ANALYZER_NUMBER_OBJECT_CONVERSION = YES_AGGRESSIVE;
				CLANG_CXX_LANGUAGE_STANDARD = "gnu++0x";
				CLANG_CXX_LIBRARY = "libc++";
				CLANG_ENABLE_MODULES = YES;
				CLANG_ENABLE_OBJC_ARC = YES;
				CLANG_WARN_BOOL_CONVERSION = YES;
				CLANG_WARN_CONSTANT_CONVERSION = YES;
				CLANG_WARN_DIRECT_OBJC_ISA_USAGE = YES_ERROR;
				CLANG_WARN_DOCUMENTATION_COMMENTS = YES;
				CLANG_WARN_EMPTY_BODY = YES;
				CLANG_WARN_ENUM_CONVERSION = YES;
				CLANG_WARN_INFINITE_RECURSION = YES;
				CLANG_WARN_INT_CONVERSION = YES;
				CLANG_WARN_OBJC_ROOT_CLASS = YES_ERROR;
				CLANG_WARN_SUSPICIOUS_MOVE = YES;
				CLANG_WARN_UNREACHABLE_CODE = YES;
				CLANG_WARN__DUPLICATE_METHOD_MATCH = YES;
				CODE_SIGN_IDENTITY = "-";
				COPY_PHASE_STRIP = NO;
				DEBUG_INFORMATION_FORMAT = "dwarf-with-dsym";
				ENABLE_NS_ASSERTIONS = NO;
				ENABLE_STRICT_OBJC_MSGSEND = YES;
				GCC_C_LANGUAGE_STANDARD = gnu99;
				GCC_NO_COMMON_BLOCKS = YES;
				GCC_WARN_64_TO_32_BIT_CONVERSION = YES;
				GCC_WARN_ABOUT_RETURN_TYPE = YES_ERROR;
				GCC_WARN_UNDECLARED_SELECTOR = YES;
				GCC_WARN_UNINITIALIZED_AUTOS = YES_AGGRESSIVE;
				GCC_WARN_UNUSED_FUNCTION = YES;
				GCC_WARN_UNUSED_VARIABLE = YES;
				MACOSX_DEPLOYMENT_TARGET = 10.12;
				MTL_ENABLE_DEBUG_INFO = NO;
				SDKROOT = macosx;
			};
			name = Release;
		};
		219764F31F111AF100D45795 /* Debug */ = {
			isa = XCBuildConfiguration;
			buildSettings = {
				ALWAYS_SEARCH_USER_PATHS = YES;
				PRODUCT_NAME = "$(TARGET_NAME)";
			};
			name = Debug;
		};
		219764F41F111AF100D45795 /* Release */ = {
			isa = XCBuildConfiguration;
			buildSettings = {
				ALWAYS_SEARCH_USER_PATHS = YES;
				PRODUCT_NAME = "$(TARGET_NAME)";
			};
			name = Release;
		};
/* End XCBuildConfiguration section */

/* Begin XCConfigurationList section */
		219764E61F111AF100D45795 /* Build configuration list for PBXProject "Review" */ = {
			isa = XCConfigurationList;
			buildConfigurations = (
				219764F01F111AF100D45795 /* Debug */,
				219764F11F111AF100D45795 /* Release */,
			);
			defaultConfigurationIsVisible = 0;
			defaultConfigurationName = Release;
		};
		219764F21F111AF100D45795 /* Build configuration list for PBXNativeTarget "Review" */ = {
			isa = XCConfigurationList;
			buildConfigurations = (
				219764F31F111AF100D45795 /* Debug */,
				219764F41F111AF100D45795 /* Release */,
			);
			defaultConfigurationIsVisible = 0;
			defaultConfigurationName = Release;
		};
/* End XCConfigurationList section */
	};
	rootObject = 219764E31F111AF100D45795 /* Project object */;
}
